
Microsoft Visual Studio Solution File, Format Version 12.00
# Visual Studio Version 17
VisualStudioVersion = 17.7.34024.191
MinimumVisualStudioVersion = 10.0.40219.1
Project("{FAE04EC0-301F-11D3-BF4B-00C04F79EFBC}") = "igruski", "igruski\igruski.csproj", "{C0912FC4-2CA1-4B9F-808C-E10963A415DE}"
EndProject
Global
	GlobalSection(SolutionConfigurationPlatforms) = preSolution
		Debug|Any CPU = Debug|Any CPU
		Release|Any CPU = Release|Any CPU
	EndGlobalSection
	GlobalSection(ProjectConfigurationPlatforms) = postSolution
		{C0912FC4-2CA1-4B9F-808C-E10963A415DE}.Debug|Any CPU.ActiveCfg = Debug|Any CPU
		{C0912FC4-2CA1-4B9F-808C-E10963A415DE}.Debug|Any CPU.Build.0 = Debug|Any CPU
		{C0912FC4-2CA1-4B9F-808C-E10963A415DE}.Release|Any CPU.ActiveCfg = Release|Any CPU
		{C0912FC4-2CA1-4B9F-808C-E10963A415DE}.Release|Any CPU.Build.0 = Release|Any CPU
	EndGlobalSection
	GlobalSection(SolutionProperties) = preSolution
		HideSolutionNode = FALSE
	EndGlobalSection
	GlobalSection(ExtensibilityGlobals) = postSolution
		SolutionGuid = {7412833D-44DE-4632-91FB-15A0CE223A36}
	EndGlobalSection
EndGlobal
